
Microsoft Visual Studio Solution File, Format Version 12.00
# Visual Studio Version 16
VisualStudioVersion = 16.6.30114.105
MinimumVisualStudioVersion = 10.0.40219.1
Project("{2150E333-8FDC-42A3-9474-1A3956D46DE8}") = "src", "src", "{285508BD-0E48-4C2C-ACC3-CDC6CED98E7B}"
EndProject
Project("{FAE04EC0-301F-11D3-BF4B-00C04F79EFBC}") = "Api", "src\Api\Api.csproj", "{DEECA126-48AD-40E7-B2CD-13E9DDF89DA5}"
EndProject
Project("{2150E333-8FDC-42A3-9474-1A3956D46DE8}") = "test", "test", "{85B4D831-A786-4CC1-818F-BA4C23F9D7EF}"
EndProject
Project("{FAE04EC0-301F-11D3-BF4B-00C04F79EFBC}") = "Api.Tests", "test\Api.Tests\Api.Tests.csproj", "{3B60D9D1-6B39-49A4-8660-30A229A732E2}"
EndProject
Project("{FAE04EC0-301F-11D3-BF4B-00C04F79EFBC}") = "DBMigrationTool", "src\DBMigrationTool\DBMigrationTool.csproj", "{EE8E10DE-4ACF-440B-9BE8-AE56D7F8D5AE}"
EndProject
Project("{FAE04EC0-301F-11D3-BF4B-00C04F79EFBC}") = "Domain", "src\Domain\Domain.csproj", "{9D37B36E-3650-4D78-B41F-947A065BCAA0}"
EndProject
Project("{FAE04EC0-301F-11D3-BF4B-00C04F79EFBC}") = "Business", "src\Business\Business.csproj", "{B9C25808-2B39-42E6-B189-6AF5D85CA843}"
EndProject
Project("{FAE04EC0-301F-11D3-BF4B-00C04F79EFBC}") = "DataAccess", "src\DataAccess\DataAccess.csproj", "{729255FE-7412-447A-B437-DCD84CB5AF75}"
EndProject
Global
	GlobalSection(SolutionConfigurationPlatforms) = preSolution
		Debug|Any CPU = Debug|Any CPU
		Debug|x64 = Debug|x64
		Debug|x86 = Debug|x86
		Release|Any CPU = Release|Any CPU
		Release|x64 = Release|x64
		Release|x86 = Release|x86
	EndGlobalSection
	GlobalSection(SolutionProperties) = preSolution
		HideSolutionNode = FALSE
	EndGlobalSection
	GlobalSection(ProjectConfigurationPlatforms) = postSolution
		{DEECA126-48AD-40E7-B2CD-13E9DDF89DA5}.Debug|Any CPU.ActiveCfg = Debug|Any CPU
		{DEECA126-48AD-40E7-B2CD-13E9DDF89DA5}.Debug|Any CPU.Build.0 = Debug|Any CPU
		{DEECA126-48AD-40E7-B2CD-13E9DDF89DA5}.Debug|x64.ActiveCfg = Debug|Any CPU
		{DEECA126-48AD-40E7-B2CD-13E9DDF89DA5}.Debug|x64.Build.0 = Debug|Any CPU
		{DEECA126-48AD-40E7-B2CD-13E9DDF89DA5}.Debug|x86.ActiveCfg = Debug|Any CPU
		{DEECA126-48AD-40E7-B2CD-13E9DDF89DA5}.Debug|x86.Build.0 = Debug|Any CPU
		{DEECA126-48AD-40E7-B2CD-13E9DDF89DA5}.Release|Any CPU.ActiveCfg = Release|Any CPU
		{DEECA126-48AD-40E7-B2CD-13E9DDF89DA5}.Release|Any CPU.Build.0 = Release|Any CPU
		{DEECA126-48AD-40E7-B2CD-13E9DDF89DA5}.Release|x64.ActiveCfg = Release|Any CPU
		{DEECA126-48AD-40E7-B2CD-13E9DDF89DA5}.Release|x64.Build.0 = Release|Any CPU
		{DEECA126-48AD-40E7-B2CD-13E9DDF89DA5}.Release|x86.ActiveCfg = Release|Any CPU
		{DEECA126-48AD-40E7-B2CD-13E9DDF89DA5}.Release|x86.Build.0 = Release|Any CPU
		{3B60D9D1-6B39-49A4-8660-30A229A732E2}.Debug|Any CPU.ActiveCfg = Debug|Any CPU
		{3B60D9D1-6B39-49A4-8660-30A229A732E2}.Debug|Any CPU.Build.0 = Debug|Any CPU
		{3B60D9D1-6B39-49A4-8660-30A229A732E2}.Debug|x64.ActiveCfg = Debug|Any CPU
		{3B60D9D1-6B39-49A4-8660-30A229A732E2}.Debug|x64.Build.0 = Debug|Any CPU
		{3B60D9D1-6B39-49A4-8660-30A229A732E2}.Debug|x86.ActiveCfg = Debug|Any CPU
		{3B60D9D1-6B39-49A4-8660-30A229A732E2}.Debug|x86.Build.0 = Debug|Any CPU
		{3B60D9D1-6B39-49A4-8660-30A229A732E2}.Release|Any CPU.ActiveCfg = Release|Any CPU
		{3B60D9D1-6B39-49A4-8660-30A229A732E2}.Release|Any CPU.Build.0 = Release|Any CPU
		{3B60D9D1-6B39-49A4-8660-30A229A732E2}.Release|x64.ActiveCfg = Release|Any CPU
		{3B60D9D1-6B39-49A4-8660-30A229A732E2}.Release|x64.Build.0 = Release|Any CPU
		{3B60D9D1-6B39-49A4-8660-30A229A732E2}.Release|x86.ActiveCfg = Release|Any CPU
		{3B60D9D1-6B39-49A4-8660-30A229A732E2}.Release|x86.Build.0 = Release|Any CPU
		{EE8E10DE-4ACF-440B-9BE8-AE56D7F8D5AE}.Debug|Any CPU.ActiveCfg = Debug|Any CPU
		{EE8E10DE-4ACF-440B-9BE8-AE56D7F8D5AE}.Debug|Any CPU.Build.0 = Debug|Any CPU
		{EE8E10DE-4ACF-440B-9BE8-AE56D7F8D5AE}.Debug|x64.ActiveCfg = Debug|Any CPU
		{EE8E10DE-4ACF-440B-9BE8-AE56D7F8D5AE}.Debug|x64.Build.0 = Debug|Any CPU
		{EE8E10DE-4ACF-440B-9BE8-AE56D7F8D5AE}.Debug|x86.ActiveCfg = Debug|Any CPU
		{EE8E10DE-4ACF-440B-9BE8-AE56D7F8D5AE}.Debug|x86.Build.0 = Debug|Any CPU
		{EE8E10DE-4ACF-440B-9BE8-AE56D7F8D5AE}.Release|Any CPU.ActiveCfg = Release|Any CPU
		{EE8E10DE-4ACF-440B-9BE8-AE56D7F8D5AE}.Release|Any CPU.Build.0 = Release|Any CPU
		{EE8E10DE-4ACF-440B-9BE8-AE56D7F8D5AE}.Release|x64.ActiveCfg = Release|Any CPU
		{EE8E10DE-4ACF-440B-9BE8-AE56D7F8D5AE}.Release|x64.Build.0 = Release|Any CPU
		{EE8E10DE-4ACF-440B-9BE8-AE56D7F8D5AE}.Release|x86.ActiveCfg = Release|Any CPU
		{EE8E10DE-4ACF-440B-9BE8-AE56D7F8D5AE}.Release|x86.Build.0 = Release|Any CPU
		{9D37B36E-3650-4D78-B41F-947A065BCAA0}.Debug|Any CPU.ActiveCfg = Debug|Any CPU
		{9D37B36E-3650-4D78-B41F-947A065BCAA0}.Debug|Any CPU.Build.0 = Debug|Any CPU
		{9D37B36E-3650-4D78-B41F-947A065BCAA0}.Debug|x64.ActiveCfg = Debug|Any CPU
		{9D37B36E-3650-4D78-B41F-947A065BCAA0}.Debug|x64.Build.0 = Debug|Any CPU
		{9D37B36E-3650-4D78-B41F-947A065BCAA0}.Debug|x86.ActiveCfg = Debug|Any CPU
		{9D37B36E-3650-4D78-B41F-947A065BCAA0}.Debug|x86.Build.0 = Debug|Any CPU
		{9D37B36E-3650-4D78-B41F-947A065BCAA0}.Release|Any CPU.ActiveCfg = Release|Any CPU
		{9D37B36E-3650-4D78-B41F-947A065BCAA0}.Release|Any CPU.Build.0 = Release|Any CPU
		{9D37B36E-3650-4D78-B41F-947A065BCAA0}.Release|x64.ActiveCfg = Release|Any CPU
		{9D37B36E-3650-4D78-B41F-947A065BCAA0}.Release|x64.Build.0 = Release|Any CPU
		{9D37B36E-3650-4D78-B41F-947A065BCAA0}.Release|x86.ActiveCfg = Release|Any CPU
		{9D37B36E-3650-4D78-B41F-947A065BCAA0}.Release|x86.Build.0 = Release|Any CPU
		{B9C25808-2B39-42E6-B189-6AF5D85CA843}.Debug|Any CPU.ActiveCfg = Debug|Any CPU
		{B9C25808-2B39-42E6-B189-6AF5D85CA843}.Debug|Any CPU.Build.0 = Debug|Any CPU
		{B9C25808-2B39-42E6-B189-6AF5D85CA843}.Debug|x64.ActiveCfg = Debug|Any CPU
		{B9C25808-2B39-42E6-B189-6AF5D85CA843}.Debug|x64.Build.0 = Debug|Any CPU
		{B9C25808-2B39-42E6-B189-6AF5D85CA843}.Debug|x86.ActiveCfg = Debug|Any CPU
		{B9C25808-2B39-42E6-B189-6AF5D85CA843}.Debug|x86.Build.0 = Debug|Any CPU
		{B9C25808-2B39-42E6-B189-6AF5D85CA843}.Release|Any CPU.ActiveCfg = Release|Any CPU
		{B9C25808-2B39-42E6-B189-6AF5D85CA843}.Release|Any CPU.Build.0 = Release|Any CPU
		{B9C25808-2B39-42E6-B189-6AF5D85CA843}.Release|x64.ActiveCfg = Release|Any CPU
		{B9C25808-2B39-42E6-B189-6AF5D85CA843}.Release|x64.Build.0 = Release|Any CPU
		{B9C25808-2B39-42E6-B189-6AF5D85CA843}.Release|x86.ActiveCfg = Release|Any CPU
		{B9C25808-2B39-42E6-B189-6AF5D85CA843}.Release|x86.Build.0 = Release|Any CPU
		{729255FE-7412-447A-B437-DCD84CB5AF75}.Debug|Any CPU.ActiveCfg = Debug|Any CPU
		{729255FE-7412-447A-B437-DCD84CB5AF75}.Debug|Any CPU.Build.0 = Debug|Any CPU
		{729255FE-7412-447A-B437-DCD84CB5AF75}.Debug|x64.ActiveCfg = Debug|Any CPU
		{729255FE-7412-447A-B437-DCD84CB5AF75}.Debug|x64.Build.0 = Debug|Any CPU
		{729255FE-7412-447A-B437-DCD84CB5AF75}.Debug|x86.ActiveCfg = Debug|Any CPU
		{729255FE-7412-447A-B437-DCD84CB5AF75}.Debug|x86.Build.0 = Debug|Any CPU
		{729255FE-7412-447A-B437-DCD84CB5AF75}.Release|Any CPU.ActiveCfg = Release|Any CPU
		{729255FE-7412-447A-B437-DCD84CB5AF75}.Release|Any CPU.Build.0 = Release|Any CPU
		{729255FE-7412-447A-B437-DCD84CB5AF75}.Release|x64.ActiveCfg = Release|Any CPU
		{729255FE-7412-447A-B437-DCD84CB5AF75}.Release|x64.Build.0 = Release|Any CPU
		{729255FE-7412-447A-B437-DCD84CB5AF75}.Release|x86.ActiveCfg = Release|Any CPU
		{729255FE-7412-447A-B437-DCD84CB5AF75}.Release|x86.Build.0 = Release|Any CPU
	EndGlobalSection
	GlobalSection(NestedProjects) = preSolution
		{DEECA126-48AD-40E7-B2CD-13E9DDF89DA5} = {285508BD-0E48-4C2C-ACC3-CDC6CED98E7B}
		{3B60D9D1-6B39-49A4-8660-30A229A732E2} = {85B4D831-A786-4CC1-818F-BA4C23F9D7EF}
		{EE8E10DE-4ACF-440B-9BE8-AE56D7F8D5AE} = {285508BD-0E48-4C2C-ACC3-CDC6CED98E7B}
		{9D37B36E-3650-4D78-B41F-947A065BCAA0} = {285508BD-0E48-4C2C-ACC3-CDC6CED98E7B}
		{B9C25808-2B39-42E6-B189-6AF5D85CA843} = {285508BD-0E48-4C2C-ACC3-CDC6CED98E7B}
		{729255FE-7412-447A-B437-DCD84CB5AF75} = {285508BD-0E48-4C2C-ACC3-CDC6CED98E7B}
	EndGlobalSection
EndGlobal
